
Microsoft Visual Studio Solution File, Format Version 12.00
# Visual Studio Version 16
VisualStudioVersion = 16.0.31624.102
MinimumVisualStudioVersion = 10.0.40219.1
Project("{FAE04EC0-301F-11D3-BF4B-00C04F79EFBC}") = "prjWebCSADODataset", "prjWebCSADODataset\prjWebCSADODataset.csproj", "{D8DF1F08-C86A-4365-8C41-A31AA12D13C1}"
EndProject
Global
	GlobalSection(SolutionConfigurationPlatforms) = preSolution
		Debug|Any CPU = Debug|Any CPU
		Release|Any CPU = Release|Any CPU
	EndGlobalSection
	GlobalSection(ProjectConfigurationPlatforms) = postSolution
		{D8DF1F08-C86A-4365-8C41-A31AA12D13C1}.Debug|Any CPU.ActiveCfg = Debug|Any CPU
		{D8DF1F08-C86A-4365-8C41-A31AA12D13C1}.Debug|Any CPU.Build.0 = Debug|Any CPU
		{D8DF1F08-C86A-4365-8C41-A31AA12D13C1}.Release|Any CPU.ActiveCfg = Release|Any CPU
		{D8DF1F08-C86A-4365-8C41-A31AA12D13C1}.Release|Any CPU.Build.0 = Release|Any CPU
	EndGlobalSection
	GlobalSection(SolutionProperties) = preSolution
		HideSolutionNode = FALSE
	EndGlobalSection
	GlobalSection(ExtensibilityGlobals) = postSolution
		SolutionGuid = {FD55CBA3-0E07-4C4C-908C-738ADE20CD6A}
	EndGlobalSection
EndGlobal
